// !$*UTF8*$!
{
	archiveVersion = 1;
	classes = {
	};
	objectVersion = 46;
	objects = {

/* Begin PBXBuildFile section */
		F2C4408D1CD1AC74003D18D0 /* AppDelegate.swift in Sources */ = {isa = PBXBuildFile; fileRef = F2C4408C1CD1AC74003D18D0 /* AppDelegate.swift */; };
		F2C4408F1CD1AC74003D18D0 /* ViewController.swift in Sources */ = {isa = PBXBuildFile; fileRef = F2C4408E1CD1AC74003D18D0 /* ViewController.swift */; };
		F2C440921CD1AC74003D18D0 /* Main.storyboard in Resources */ = {isa = PBXBuildFile; fileRef = F2C440901CD1AC74003D18D0 /* Main.storyboard */; };
		F2C440941CD1AC74003D18D0 /* Assets.xcassets in Resources */ = {isa = PBXBuildFile; fileRef = F2C440931CD1AC74003D18D0 /* Assets.xcassets */; };
		F2C440971CD1AC74003D18D0 /* LaunchScreen.storyboard in Resources */ = {isa = PBXBuildFile; fileRef = F2C440951CD1AC74003D18D0 /* LaunchScreen.storyboard */; };
		F2C440A21CD1AC74003D18D0 /* Switf_day07______Tests.swift in Sources */ = {isa = PBXBuildFile; fileRef = F2C440A11CD1AC74003D18D0 /* Switf_day07______Tests.swift */; };
		F2C440AD1CD1AC74003D18D0 /* Switf_day07______UITests.swift in Sources */ = {isa = PBXBuildFile; fileRef = F2C440AC1CD1AC74003D18D0 /* Switf_day07______UITests.swift */; };
/* End PBXBuildFile section */

/* Begin PBXContainerItemProxy section */
		F2C4409E1CD1AC74003D18D0 /* PBXContainerItemProxy */ = {
			isa = PBXContainerItemProxy;
			containerPortal = F2C440811CD1AC74003D18D0 /* Project object */;
			proxyType = 1;
			remoteGlobalIDString = F2C440881CD1AC74003D18D0;
			remoteInfo = "Switf-day07-类和结构体";
		};
		F2C440A91CD1AC74003D18D0 /* PBXContainerItemProxy */ = {
			isa = PBXContainerItemProxy;
			containerPortal = F2C440811CD1AC74003D18D0 /* Project object */;
			proxyType = 1;
			remoteGlobalIDString = F2C440881CD1AC74003D18D0;
			remoteInfo = "Switf-day07-类和结构体";
		};
/* End PBXContainerItemProxy section */

/* Begin PBXFileReference section */
		F2C440891CD1AC74003D18D0 /* Switf-day07-类和结构体.app */ = {isa = PBXFileReference; explicitFileType = wrapper.application; includeInIndex = 0; path = "Switf-day07-类和结构体.app"; sourceTree = BUILT_PRODUCTS_DIR; };
		F2C4408C1CD1AC74003D18D0 /* AppDelegate.swift */ = {isa = PBXFileReference; lastKnownFileType = sourcecode.swift; path = AppDelegate.swift; sourceTree = "<group>"; };
		F2C4408E1CD1AC74003D18D0 /* ViewController.swift */ = {isa = PBXFileReference; lastKnownFileType = sourcecode.swift; path = ViewController.swift; sourceTree = "<group>"; };
		F2C440911CD1AC74003D18D0 /* Base */ = {isa = PBXFileReference; lastKnownFileType = file.storyboard; name = Base; path = Base.lproj/Main.storyboard; sourceTree = "<group>"; };
		F2C440931CD1AC74003D18D0 /* Assets.xcassets */ = {isa = PBXFileReference; lastKnownFileType = folder.assetcatalog; path = Assets.xcassets; sourceTree = "<group>"; };
		F2C440961CD1AC74003D18D0 /* Base */ = {isa = PBXFileReference; lastKnownFileType = file.storyboard; name = Base; path = Base.lproj/LaunchScreen.storyboard; sourceTree = "<group>"; };
		F2C440981CD1AC74003D18D0 /* Info.plist */ = {isa = PBXFileReference; lastKnownFileType = text.plist.xml; path = Info.plist; sourceTree = "<group>"; };
		F2C4409D1CD1AC74003D18D0 /* Switf-day07-类和结构体Tests.xctest */ = {isa = PBXFileReference; explicitFileType = wrapper.cfbundle; includeInIndex = 0; path = "Switf-day07-类和结构体Tests.xctest"; sourceTree = BUILT_PRODUCTS_DIR; };
		F2C440A11CD1AC74003D18D0 /* Switf_day07______Tests.swift */ = {isa = PBXFileReference; lastKnownFileType = sourcecode.swift; path = "Switf_day07______Tests.swift"; sourceTree = "<group>"; };
		F2C440A31CD1AC74003D18D0 /* Info.plist */ = {isa = PBXFileReference; lastKnownFileType = text.plist.xml; path = Info.plist; sourceTree = "<group>"; };
		F2C440A81CD1AC74003D18D0 /* Switf-day07-类和结构体UITests.xctest */ = {isa = PBXFileReference; explicitFileType = wrapper.cfbundle; includeInIndex = 0; path = "Switf-day07-类和结构体UITests.xctest"; sourceTree = BUILT_PRODUCTS_DIR; };
		F2C440AC1CD1AC74003D18D0 /* Switf_day07______UITests.swift */ = {isa = PBXFileReference; lastKnownFileType = sourcecode.swift; path = "Switf_day07______UITests.swift"; sourceTree = "<group>"; };
		F2C440AE1CD1AC74003D18D0 /* Info.plist */ = {isa = PBXFileReference; lastKnownFileType = text.plist.xml; path = Info.plist; sourceTree = "<group>"; };
/* End PBXFileReference section */

/* Begin PBXFrameworksBuildPhase section */
		F2C440861CD1AC74003D18D0 /* Frameworks */ = {
			isa = PBXFrameworksBuildPhase;
			buildActionMask = 2147483647;
			files = (
			);
			runOnlyForDeploymentPostprocessing = 0;
		};
		F2C4409A1CD1AC74003D18D0 /* Frameworks */ = {
			isa = PBXFrameworksBuildPhase;
			buildActionMask = 2147483647;
			files = (
			);
			runOnlyForDeploymentPostprocessing = 0;
		};
		F2C440A51CD1AC74003D18D0 /* Frameworks */ = {
			isa = PBXFrameworksBuildPhase;
			buildActionMask = 2147483647;
			files = (
			);
			runOnlyForDeploymentPostprocessing = 0;
		};
/* End PBXFrameworksBuildPhase section */

/* Begin PBXGroup section */
		F2C440801CD1AC74003D18D0 = {
			isa = PBXGroup;
			children = (
				F2C4408B1CD1AC74003D18D0 /* Switf-day07-类和结构体 */,
				F2C440A01CD1AC74003D18D0 /* Switf-day07-类和结构体Tests */,
				F2C440AB1CD1AC74003D18D0 /* Switf-day07-类和结构体UITests */,
				F2C4408A1CD1AC74003D18D0 /* Products */,
			);
			sourceTree = "<group>";
		};
		F2C4408A1CD1AC74003D18D0 /* Products */ = {
			isa = PBXGroup;
			children = (
				F2C440891CD1AC74003D18D0 /* Switf-day07-类和结构体.app */,
				F2C4409D1CD1AC74003D18D0 /* Switf-day07-类和结构体Tests.xctest */,
				F2C440A81CD1AC74003D18D0 /* Switf-day07-类和结构体UITests.xctest */,
			);
			name = Products;
			sourceTree = "<group>";
		};
		F2C4408B1CD1AC74003D18D0 /* Switf-day07-类和结构体 */ = {
			isa = PBXGroup;
			children = (
				F2C4408C1CD1AC74003D18D0 /* AppDelegate.swift */,
				F2C4408E1CD1AC74003D18D0 /* ViewController.swift */,
				F2C440901CD1AC74003D18D0 /* Main.storyboard */,
				F2C440931CD1AC74003D18D0 /* Assets.xcassets */,
				F2C440951CD1AC74003D18D0 /* LaunchScreen.storyboard */,
				F2C440981CD1AC74003D18D0 /* Info.plist */,
			);
			path = "Switf-day07-类和结构体";
			sourceTree = "<group>";
		};
		F2C440A01CD1AC74003D18D0 /* Switf-day07-类和结构体Tests */ = {
			isa = PBXGroup;
			children = (
				F2C440A11CD1AC74003D18D0 /* Switf_day07______Tests.swift */,
				F2C440A31CD1AC74003D18D0 /* Info.plist */,
			);
			path = "Switf-day07-类和结构体Tests";
			sourceTree = "<group>";
		};
		F2C440AB1CD1AC74003D18D0 /* Switf-day07-类和结构体UITests */ = {
			isa = PBXGroup;
			children = (
				F2C440AC1CD1AC74003D18D0 /* Switf_day07______UITests.swift */,
				F2C440AE1CD1AC74003D18D0 /* Info.plist */,
			);
			path = "Switf-day07-类和结构体UITests";
			sourceTree = "<group>";
		};
/* End PBXGroup section */

/* Begin PBXNativeTarget section */
		F2C440881CD1AC74003D18D0 /* Switf-day07-类和结构体 */ = {
			isa = PBXNativeTarget;
			buildConfigurationList = F2C440B11CD1AC74003D18D0 /* Build configuration list for PBXNativeTarget "Switf-day07-类和结构体" */;
			buildPhases = (
				F2C440851CD1AC74003D18D0 /* Sources */,
				F2C440861CD1AC74003D18D0 /* Frameworks */,
				F2C440871CD1AC74003D18D0 /* Resources */,
			);
			buildRules = (
			);
			dependencies = (
			);
			name = "Switf-day07-类和结构体";
			productName = "Switf-day07-类和结构体";
			productReference = F2C440891CD1AC74003D18D0 /* Switf-day07-类和结构体.app */;
			productType = "com.apple.product-type.application";
		};
		F2C4409C1CD1AC74003D18D0 /* Switf-day07-类和结构体Tests */ = {
			isa = PBXNativeTarget;
			buildConfigurationList = F2C440B41CD1AC74003D18D0 /* Build configuration list for PBXNativeTarget "Switf-day07-类和结构体Tests" */;
			buildPhases = (
				F2C440991CD1AC74003D18D0 /* Sources */,
				F2C4409A1CD1AC74003D18D0 /* Frameworks */,
				F2C4409B1CD1AC74003D18D0 /* Resources */,
			);
			buildRules = (
			);
			dependencies = (
				F2C4409F1CD1AC74003D18D0 /* PBXTargetDependency */,
			);
			name = "Switf-day07-类和结构体Tests";
			productName = "Switf-day07-类和结构体Tests";
			productReference = F2C4409D1CD1AC74003D18D0 /* Switf-day07-类和结构体Tests.xctest */;
			productType = "com.apple.product-type.bundle.unit-test";
		};
		F2C440A71CD1AC74003D18D0 /* Switf-day07-类和结构体UITests */ = {
			isa = PBXNativeTarget;
			buildConfigurationList = F2C440B71CD1AC74003D18D0 /* Build configuration list for PBXNativeTarget "Switf-day07-类和结构体UITests" */;
			buildPhases = (
				F2C440A41CD1AC74003D18D0 /* Sources */,
				F2C440A51CD1AC74003D18D0 /* Frameworks */,
				F2C440A61CD1AC74003D18D0 /* Resources */,
			);
			buildRules = (
			);
			dependencies = (
				F2C440AA1CD1AC74003D18D0 /* PBXTargetDependency */,
			);
			name = "Switf-day07-类和结构体UITests";
			productName = "Switf-day07-类和结构体UITests";
			productReference = F2C440A81CD1AC74003D18D0 /* Switf-day07-类和结构体UITests.xctest */;
			productType = "com.apple.product-type.bundle.ui-testing";
		};
/* End PBXNativeTarget section */

/* Begin PBXProject section */
		F2C440811CD1AC74003D18D0 /* Project object */ = {
			isa = PBXProject;
			attributes = {
				LastSwiftUpdateCheck = 0720;
				LastUpgradeCheck = 0720;
				ORGANIZATIONNAME = penglei;
				TargetAttributes = {
					F2C440881CD1AC74003D18D0 = {
						CreatedOnToolsVersion = 7.2.1;
					};
					F2C4409C1CD1AC74003D18D0 = {
						CreatedOnToolsVersion = 7.2.1;
						TestTargetID = F2C440881CD1AC74003D18D0;
					};
					F2C440A71CD1AC74003D18D0 = {
						CreatedOnToolsVersion = 7.2.1;
						TestTargetID = F2C440881CD1AC74003D18D0;
					};
				};
			};
			buildConfigurationList = F2C440841CD1AC74003D18D0 /* Build configuration list for PBXProject "Switf-day07-类和结构体" */;
			compatibilityVersion = "Xcode 3.2";
			developmentRegion = English;
			hasScannedForEncodings = 0;
			knownRegions = (
				en,
				Base,
			);
			mainGroup = F2C440801CD1AC74003D18D0;
			productRefGroup = F2C4408A1CD1AC74003D18D0 /* Products */;
			projectDirPath = "";
			projectRoot = "";
			targets = (
				F2C440881CD1AC74003D18D0 /* Switf-day07-类和结构体 */,
				F2C4409C1CD1AC74003D18D0 /* Switf-day07-类和结构体Tests */,
				F2C440A71CD1AC74003D18D0 /* Switf-day07-类和结构体UITests */,
			);
		};
/* End PBXProject section */

/* Begin PBXResourcesBuildPhase section */
		F2C440871CD1AC74003D18D0 /* Resources */ = {
			isa = PBXResourcesBuildPhase;
			buildActionMask = 2147483647;
			files = (
				F2C440971CD1AC74003D18D0 /* LaunchScreen.storyboard in Resources */,
				F2C440941CD1AC74003D18D0 /* Assets.xcassets in Resources */,
				F2C440921CD1AC74003D18D0 /* Main.storyboard in Resources */,
			);
			runOnlyForDeploymentPostprocessing = 0;
		};
		F2C4409B1CD1AC74003D18D0 /* Resources */ = {
			isa = PBXResourcesBuildPhase;
			buildActionMask = 2147483647;
			files = (
			);
			runOnlyForDeploymentPostprocessing = 0;
		};
		F2C440A61CD1AC74003D18D0 /* Resources */ = {
			isa = PBXResourcesBuildPhase;
			buildActionMask = 2147483647;
			files = (
			);
			runOnlyForDeploymentPostprocessing = 0;
		};
/* End PBXResourcesBuildPhase section */

/* Begin PBXSourcesBuildPhase section */
		F2C440851CD1AC74003D18D0 /* Sources */ = {
			isa = PBXSourcesBuildPhase;
			buildActionMask = 2147483647;
			files = (
				F2C4408F1CD1AC74003D18D0 /* ViewController.swift in Sources */,
				F2C4408D1CD1AC74003D18D0 /* AppDelegate.swift in Sources */,
			);
			runOnlyForDeploymentPostprocessing = 0;
		};
		F2C440991CD1AC74003D18D0 /* Sources */ = {
			isa = PBXSourcesBuildPhase;
			buildActionMask = 2147483647;
			files = (
				F2C440A21CD1AC74003D18D0 /* Switf_day07______Tests.swift in Sources */,
			);
			runOnlyForDeploymentPostprocessing = 0;
		};
		F2C440A41CD1AC74003D18D0 /* Sources */ = {
			isa = PBXSourcesBuildPhase;
			buildActionMask = 2147483647;
			files = (
				F2C440AD1CD1AC74003D18D0 /* Switf_day07______UITests.swift in Sources */,
			);
			runOnlyForDeploymentPostprocessing = 0;
		};
/* End PBXSourcesBuildPhase section */

/* Begin PBXTargetDependency section */
		F2C4409F1CD1AC74003D18D0 /* PBXTargetDependency */ = {
			isa = PBXTargetDependency;
			target = F2C440881CD1AC74003D18D0 /* Switf-day07-类和结构体 */;
			targetProxy = F2C4409E1CD1AC74003D18D0 /* PBXContainerItemProxy */;
		};
		F2C440AA1CD1AC74003D18D0 /* PBXTargetDependency */ = {
			isa = PBXTargetDependency;
			target = F2C440881CD1AC74003D18D0 /* Switf-day07-类和结构体 */;
			targetProxy = F2C440A91CD1AC74003D18D0 /* PBXContainerItemProxy */;
		};
/* End PBXTargetDependency section */

/* Begin PBXVariantGroup section */
		F2C440901CD1AC74003D18D0 /* Main.storyboard */ = {
			isa = PBXVariantGroup;
			children = (
				F2C440911CD1AC74003D18D0 /* Base */,
			);
			name = Main.storyboard;
			sourceTree = "<group>";
		};
		F2C440951CD1AC74003D18D0 /* LaunchScreen.storyboard */ = {
			isa = PBXVariantGroup;
			children = (
				F2C440961CD1AC74003D18D0 /* Base */,
			);
			name = LaunchScreen.storyboard;
			sourceTree = "<group>";
		};
/* End PBXVariantGroup section */

/* Begin XCBuildConfiguration section */
		F2C440AF1CD1AC74003D18D0 /* Debug */ = {
			isa = XCBuildConfiguration;
			buildSettings = {
				ALWAYS_SEARCH_USER_PATHS = NO;
				CLANG_CXX_LANGUAGE_STANDARD = "gnu++0x";
				CLANG_CXX_LIBRARY = "libc++";
				CLANG_ENABLE_MODULES = YES;
				CLANG_ENABLE_OBJC_ARC = YES;
				CLANG_WARN_BOOL_CONVERSION = YES;
				CLANG_WARN_CONSTANT_CONVERSION = YES;
				CLANG_WARN_DIRECT_OBJC_ISA_USAGE = YES_ERROR;
				CLANG_WARN_EMPTY_BODY = YES;
				CLANG_WARN_ENUM_CONVERSION = YES;
				CLANG_WARN_INT_CONVERSION = YES;
				CLANG_WARN_OBJC_ROOT_CLASS = YES_ERROR;
				CLANG_WARN_UNREACHABLE_CODE = YES;
				CLANG_WARN__DUPLICATE_METHOD_MATCH = YES;
				"CODE_SIGN_IDENTITY[sdk=iphoneos*]" = "iPhone Developer";
				COPY_PHASE_STRIP = NO;
				DEBUG_INFORMATION_FORMAT = dwarf;
				ENABLE_STRICT_OBJC_MSGSEND = YES;
				ENABLE_TESTABILITY = YES;
				GCC_C_LANGUAGE_STANDARD = gnu99;
				GCC_DYNAMIC_NO_PIC = NO;
				GCC_NO_COMMON_BLOCKS = YES;
				GCC_OPTIMIZATION_LEVEL = 0;
				GCC_PREPROCESSOR_DEFINITIONS = (
					"DEBUG=1",
					"$(inherited)",
				);
				GCC_WARN_64_TO_32_BIT_CONVERSION = YES;
				GCC_WARN_ABOUT_RETURN_TYPE = YES_ERROR;
				GCC_WARN_UNDECLARED_SELECTOR = YES;
				GCC_WARN_UNINITIALIZED_AUTOS = YES_AGGRESSIVE;
				GCC_WARN_UNUSED_FUNCTION = YES;
				GCC_WARN_UNUSED_VARIABLE = YES;
				IPHONEOS_DEPLOYMENT_TARGET = 9.2;
				MTL_ENABLE_DEBUG_INFO = YES;
				ONLY_ACTIVE_ARCH = YES;
				SDKROOT = iphoneos;
				SWIFT_OPTIMIZATION_LEVEL = "-Onone";
				TARGETED_DEVICE_FAMILY = "1,2";
			};
			name = Debug;
		};
		F2C440B01CD1AC74003D18D0 /* Release */ = {
			isa = XCBuildConfiguration;
			buildSettings = {
				ALWAYS_SEARCH_USER_PATHS = NO;
				CLANG_CXX_LANGUAGE_STANDARD = "gnu++0x";
				CLANG_CXX_LIBRARY = "libc++";
				CLANG_ENABLE_MODULES = YES;
				CLANG_ENABLE_OBJC_ARC = YES;
				CLANG_WARN_BOOL_CONVERSION = YES;
				CLANG_WARN_CONSTANT_CONVERSION = YES;
				CLANG_WARN_DIRECT_OBJC_ISA_USAGE = YES_ERROR;
				CLANG_WARN_EMPTY_BODY = YES;
				CLANG_WARN_ENUM_CONVERSION = YES;
				CLANG_WARN_INT_CONVERSION = YES;
				CLANG_WARN_OBJC_ROOT_CLASS = YES_ERROR;
				CLANG_WARN_UNREACHABLE_CODE = YES;
				CLANG_WARN__DUPLICATE_METHOD_MATCH = YES;
				"CODE_SIGN_IDENTITY[sdk=iphoneos*]" = "iPhone Developer";
				COPY_PHASE_STRIP = NO;
				DEBUG_INFORMATION_FORMAT = "dwarf-with-dsym";
				ENABLE_NS_ASSERTIONS = NO;
				ENABLE_STRICT_OBJC_MSGSEND = YES;
				GCC_C_LANGUAGE_STANDARD = gnu99;
				GCC_NO_COMMON_BLOCKS = YES;
				GCC_WARN_64_TO_32_BIT_CONVERSION = YES;
				GCC_WARN_ABOUT_RETURN_TYPE = YES_ERROR;
				GCC_WARN_UNDECLARED_SELECTOR = YES;
				GCC_WARN_UNINITIALIZED_AUTOS = YES_AGGRESSIVE;
				GCC_WARN_UNUSED_FUNCTION = YES;
				GCC_WARN_UNUSED_VARIABLE = YES;
				IPHONEOS_DEPLOYMENT_TARGET = 9.2;
				MTL_ENABLE_DEBUG_INFO = NO;
				SDKROOT = iphoneos;
				TARGETED_DEVICE_FAMILY = "1,2";
				VALIDATE_PRODUCT = YES;
			};
			name = Release;
		};
		F2C440B21CD1AC74003D18D0 /* Debug */ = {
			isa = XCBuildConfiguration;
			buildSettings = {
				ASSETCATALOG_COMPILER_APPICON_NAME = AppIcon;
				INFOPLIST_FILE = "Switf-day07-类和结构体/Info.plist";
				LD_RUNPATH_SEARCH_PATHS = "$(inherited) @executable_path/Frameworks";
				PRODUCT_BUNDLE_IDENTIFIER = "penglei.Switf-day07------";
				PRODUCT_NAME = "$(TARGET_NAME)";
			};
			name = Debug;
		};
		F2C440B31CD1AC74003D18D0 /* Release */ = {
			isa = XCBuildConfiguration;
			buildSettings = {
				ASSETCATALOG_COMPILER_APPICON_NAME = AppIcon;
				INFOPLIST_FILE = "Switf-day07-类和结构体/Info.plist";
				LD_RUNPATH_SEARCH_PATHS = "$(inherited) @executable_path/Frameworks";
				PRODUCT_BUNDLE_IDENTIFIER = "penglei.Switf-day07------";
				PRODUCT_NAME = "$(TARGET_NAME)";
			};
			name = Release;
		};
		F2C440B51CD1AC74003D18D0 /* Debug */ = {
			isa = XCBuildConfiguration;
			buildSettings = {
				BUNDLE_LOADER = "$(TEST_HOST)";
				INFOPLIST_FILE = "Switf-day07-类和结构体Tests/Info.plist";
				LD_RUNPATH_SEARCH_PATHS = "$(inherited) @executable_path/Frameworks @loader_path/Frameworks";
				PRODUCT_BUNDLE_IDENTIFIER = "penglei.Switf-day07------Tests";
				PRODUCT_NAME = "$(TARGET_NAME)";
				TEST_HOST = "$(BUILT_PRODUCTS_DIR)/Switf-day07-类和结构体.app/Switf-day07-类和结构体";
			};
			name = Debug;
		};
		F2C440B61CD1AC74003D18D0 /* Release */ = {
			isa = XCBuildConfiguration;
			buildSettings = {
				BUNDLE_LOADER = "$(TEST_HOST)";
				INFOPLIST_FILE = "Switf-day07-类和结构体Tests/Info.plist";
				LD_RUNPATH_SEARCH_PATHS = "$(inherited) @executable_path/Frameworks @loader_path/Frameworks";
				PRODUCT_BUNDLE_IDENTIFIER = "penglei.Switf-day07------Tests";
				PRODUCT_NAME = "$(TARGET_NAME)";
				TEST_HOST = "$(BUILT_PRODUCTS_DIR)/Switf-day07-类和结构体.app/Switf-day07-类和结构体";
			};
			name = Release;
		};
		F2C440B81CD1AC74003D18D0 /* Debug */ = {
			isa = XCBuildConfiguration;
			buildSettings = {
				INFOPLIST_FILE = "Switf-day07-类和结构体UITests/Info.plist";
				LD_RUNPATH_SEARCH_PATHS = "$(inherited) @executable_path/Frameworks @loader_path/Frameworks";
				PRODUCT_BUNDLE_IDENTIFIER = "penglei.Switf-day07------UITests";
				PRODUCT_NAME = "$(TARGET_NAME)";
				TEST_TARGET_NAME = "Switf-day07-类和结构体";
				USES_XCTRUNNER = YES;
			};
			name = Debug;
		};
		F2C440B91CD1AC74003D18D0 /* Release */ = {
			isa = XCBuildConfiguration;
			buildSettings = {
				INFOPLIST_FILE = "Switf-day07-类和结构体UITests/Info.plist";
				LD_RUNPATH_SEARCH_PATHS = "$(inherited) @executable_path/Frameworks @loader_path/Frameworks";
				PRODUCT_BUNDLE_IDENTIFIER = "penglei.Switf-day07------UITests";
				PRODUCT_NAME = "$(TARGET_NAME)";
				TEST_TARGET_NAME = "Switf-day07-类和结构体";
				USES_XCTRUNNER = YES;
			};
			name = Release;
		};
/* End XCBuildConfiguration section */

/* Begin XCConfigurationList section */
		F2C440841CD1AC74003D18D0 /* Build configuration list for PBXProject "Switf-day07-类和结构体" */ = {
			isa = XCConfigurationList;
			buildConfigurations = (
				F2C440AF1CD1AC74003D18D0 /* Debug */,
				F2C440B01CD1AC74003D18D0 /* Release */,
			);
			defaultConfigurationIsVisible = 0;
			defaultConfigurationName = Release;
		};
		F2C440B11CD1AC74003D18D0 /* Build configuration list for PBXNativeTarget "Switf-day07-类和结构体" */ = {
			isa = XCConfigurationList;
			buildConfigurations = (
				F2C440B21CD1AC74003D18D0 /* Debug */,
				F2C440B31CD1AC74003D18D0 /* Release */,
			);
			defaultConfigurationIsVisible = 0;
		};
		F2C440B41CD1AC74003D18D0 /* Build configuration list for PBXNativeTarget "Switf-day07-类和结构体Tests" */ = {
			isa = XCConfigurationList;
			buildConfigurations = (
				F2C440B51CD1AC74003D18D0 /* Debug */,
				F2C440B61CD1AC74003D18D0 /* Release */,
			);
			defaultConfigurationIsVisible = 0;
		};
		F2C440B71CD1AC74003D18D0 /* Build configuration list for PBXNativeTarget "Switf-day07-类和结构体UITests" */ = {
			isa = XCConfigurationList;
			buildConfigurations = (
				F2C440B81CD1AC74003D18D0 /* Debug */,
				F2C440B91CD1AC74003D18D0 /* Release */,
			);
			defaultConfigurationIsVisible = 0;
		};
/* End XCConfigurationList section */
	};
	rootObject = F2C440811CD1AC74003D18D0 /* Project object */;
}
